// !$*UTF8*$!
{
	archiveVersion = 1;
	classes = {
	};
	objectVersion = 46;
	objects = {

/* Begin PBXBuildFile section */
		DC0718B419C3779000146897 /* AppDelegate.swift in Sources */ = {isa = PBXBuildFile; fileRef = DC0718B319C3779000146897 /* AppDelegate.swift */; };
		DC0718B619C3779000146897 /* ViewController.swift in Sources */ = {isa = PBXBuildFile; fileRef = DC0718B519C3779000146897 /* ViewController.swift */; };
		DC0718B919C3779000146897 /* Main.storyboard in Resources */ = {isa = PBXBuildFile; fileRef = DC0718B719C3779000146897 /* Main.storyboard */; };
		DC0718BB19C3779000146897 /* Images.xcassets in Resources */ = {isa = PBXBuildFile; fileRef = DC0718BA19C3779000146897 /* Images.xcassets */; };
		DC0718BE19C3779000146897 /* LaunchScreen.xib in Resources */ = {isa = PBXBuildFile; fileRef = DC0718BC19C3779000146897 /* LaunchScreen.xib */; };
		DC0718CA19C3779000146897 /* PostcardTests.swift in Sources */ = {isa = PBXBuildFile; fileRef = DC0718C919C3779000146897 /* PostcardTests.swift */; };
		DC0718D619C60C4400146897 /* AlbertEinsteinStamp.jpg in Resources */ = {isa = PBXBuildFile; fileRef = DC0718D519C60C4400146897 /* AlbertEinsteinStamp.jpg */; };
		DC80DEF519CCD498008018C5 /* Sagrada_Família._Façana_del_Naixement.jpg in Resources */ = {isa = PBXBuildFile; fileRef = DC80DEF419CCD498008018C5 /* Sagrada_Família._Façana_del_Naixement.jpg */; };
/* End PBXBuildFile section */

/* Begin PBXContainerItemProxy section */
		DC0718C419C3779000146897 /* PBXContainerItemProxy */ = {
			isa = PBXContainerItemProxy;
			containerPortal = DC0718A619C3778F00146897 /* Project object */;
			proxyType = 1;
			remoteGlobalIDString = DC0718AD19C3778F00146897;
			remoteInfo = Postcard;
		};
/* End PBXContainerItemProxy section */

/* Begin PBXFileReference section */
		DC0718AE19C3778F00146897 /* Postcard.app */ = {isa = PBXFileReference; explicitFileType = wrapper.application; includeInIndex = 0; path = Postcard.app; sourceTree = BUILT_PRODUCTS_DIR; };
		DC0718B219C3779000146897 /* Info.plist */ = {isa = PBXFileReference; lastKnownFileType = text.plist.xml; path = Info.plist; sourceTree = "<group>"; };
		DC0718B319C3779000146897 /* AppDelegate.swift */ = {isa = PBXFileReference; lastKnownFileType = sourcecode.swift; path = AppDelegate.swift; sourceTree = "<group>"; };
		DC0718B519C3779000146897 /* ViewController.swift */ = {isa = PBXFileReference; lastKnownFileType = sourcecode.swift; path = ViewController.swift; sourceTree = "<group>"; };
		DC0718B819C3779000146897 /* Base */ = {isa = PBXFileReference; lastKnownFileType = file.storyboard; name = Base; path = Base.lproj/Main.storyboard; sourceTree = "<group>"; };
		DC0718BA19C3779000146897 /* Images.xcassets */ = {isa = PBXFileReference; lastKnownFileType = folder.assetcatalog; path = Images.xcassets; sourceTree = "<group>"; };
		DC0718BD19C3779000146897 /* Base */ = {isa = PBXFileReference; lastKnownFileType = file.xib; name = Base; path = Base.lproj/LaunchScreen.xib; sourceTree = "<group>"; };
		DC0718C319C3779000146897 /* PostcardTests.xctest */ = {isa = PBXFileReference; explicitFileType = wrapper.cfbundle; includeInIndex = 0; path = PostcardTests.xctest; sourceTree = BUILT_PRODUCTS_DIR; };
		DC0718C819C3779000146897 /* Info.plist */ = {isa = PBXFileReference; lastKnownFileType = text.plist.xml; path = Info.plist; sourceTree = "<group>"; };
		DC0718C919C3779000146897 /* PostcardTests.swift */ = {isa = PBXFileReference; lastKnownFileType = sourcecode.swift; path = PostcardTests.swift; sourceTree = "<group>"; };
		DC0718D519C60C4400146897 /* AlbertEinsteinStamp.jpg */ = {isa = PBXFileReference; lastKnownFileType = image.jpeg; path = AlbertEinsteinStamp.jpg; sourceTree = "<group>"; };
		DC80DEF419CCD498008018C5 /* Sagrada_Família._Façana_del_Naixement.jpg */ = {isa = PBXFileReference; lastKnownFileType = image.jpeg; path = "Sagrada_Família._Façana_del_Naixement.jpg"; sourceTree = "<group>"; };
/* End PBXFileReference section */

/* Begin PBXFrameworksBuildPhase section */
		DC0718AB19C3778F00146897 /* Frameworks */ = {
			isa = PBXFrameworksBuildPhase;
			buildActionMask = 2147483647;
			files = (
			);
			runOnlyForDeploymentPostprocessing = 0;
		};
		DC0718C019C3779000146897 /* Frameworks */ = {
			isa = PBXFrameworksBuildPhase;
			buildActionMask = 2147483647;
			files = (
			);
			runOnlyForDeploymentPostprocessing = 0;
		};
/* End PBXFrameworksBuildPhase section */

/* Begin PBXGroup section */
		DC0718A519C3778F00146897 = {
			isa = PBXGroup;
			children = (
				DC0718B019C3778F00146897 /* Postcard */,
				DC0718C619C3779000146897 /* PostcardTests */,
				DC0718AF19C3778F00146897 /* Products */,
			);
			sourceTree = "<group>";
		};
		DC0718AF19C3778F00146897 /* Products */ = {
			isa = PBXGroup;
			children = (
				DC0718AE19C3778F00146897 /* Postcard.app */,
				DC0718C319C3779000146897 /* PostcardTests.xctest */,
			);
			name = Products;
			sourceTree = "<group>";
		};
		DC0718B019C3778F00146897 /* Postcard */ = {
			isa = PBXGroup;
			children = (
				DC0718B319C3779000146897 /* AppDelegate.swift */,
				DC0718B519C3779000146897 /* ViewController.swift */,
				DC0718B719C3779000146897 /* Main.storyboard */,
				DC0718BA19C3779000146897 /* Images.xcassets */,
				DC0718BC19C3779000146897 /* LaunchScreen.xib */,
				DC0718B119C3779000146897 /* Supporting Files */,
			);
			path = Postcard;
			sourceTree = "<group>";
		};
		DC0718B119C3779000146897 /* Supporting Files */ = {
			isa = PBXGroup;
			children = (
				DC80DEF419CCD498008018C5 /* Sagrada_Família._Façana_del_Naixement.jpg */,
				DC0718D519C60C4400146897 /* AlbertEinsteinStamp.jpg */,
				DC0718B219C3779000146897 /* Info.plist */,
			);
			name = "Supporting Files";
			sourceTree = "<group>";
		};
		DC0718C619C3779000146897 /* PostcardTests */ = {
			isa = PBXGroup;
			children = (
				DC0718C919C3779000146897 /* PostcardTests.swift */,
				DC0718C719C3779000146897 /* Supporting Files */,
			);
			path = PostcardTests;
			sourceTree = "<group>";
		};
		DC0718C719C3779000146897 /* Supporting Files */ = {
			isa = PBXGroup;
			children = (
				DC0718C819C3779000146897 /* Info.plist */,
			);
			name = "Supporting Files";
			sourceTree = "<group>";
		};
/* End PBXGroup section */

/* Begin PBXNativeTarget section */
		DC0718AD19C3778F00146897 /* Postcard */ = {
			isa = PBXNativeTarget;
			buildConfigurationList = DC0718CD19C3779000146897 /* Build configuration list for PBXNativeTarget "Postcard" */;
			buildPhases = (
				DC0718AA19C3778F00146897 /* Sources */,
				DC0718AB19C3778F00146897 /* Frameworks */,
				DC0718AC19C3778F00146897 /* Resources */,
			);
			buildRules = (
			);
			dependencies = (
			);
			name = Postcard;
			productName = Postcard;
			productReference = DC0718AE19C3778F00146897 /* Postcard.app */;
			productType = "com.apple.product-type.application";
		};
		DC0718C219C3779000146897 /* PostcardTests */ = {
			isa = PBXNativeTarget;
			buildConfigurationList = DC0718D019C3779000146897 /* Build configuration list for PBXNativeTarget "PostcardTests" */;
			buildPhases = (
				DC0718BF19C3779000146897 /* Sources */,
				DC0718C019C3779000146897 /* Frameworks */,
				DC0718C119C3779000146897 /* Resources */,
			);
			buildRules = (
			);
			dependencies = (
				DC0718C519C3779000146897 /* PBXTargetDependency */,
			);
			name = PostcardTests;
			productName = PostcardTests;
			productReference = DC0718C319C3779000146897 /* PostcardTests.xctest */;
			productType = "com.apple.product-type.bundle.unit-test";
		};
/* End PBXNativeTarget section */

/* Begin PBXProject section */
		DC0718A619C3778F00146897 /* Project object */ = {
			isa = PBXProject;
			attributes = {
				LastUpgradeCheck = 0600;
				ORGANIZATIONNAME = "Stephen Chinnadorai";
				TargetAttributes = {
					DC0718AD19C3778F00146897 = {
						CreatedOnToolsVersion = 6.0;
					};
					DC0718C219C3779000146897 = {
						CreatedOnToolsVersion = 6.0;
						TestTargetID = DC0718AD19C3778F00146897;
					};
				};
			};
			buildConfigurationList = DC0718A919C3778F00146897 /* Build configuration list for PBXProject "Postcard" */;
			compatibilityVersion = "Xcode 3.2";
			developmentRegion = English;
			hasScannedForEncodings = 0;
			knownRegions = (
				en,
				Base,
			);
			mainGroup = DC0718A519C3778F00146897;
			productRefGroup = DC0718AF19C3778F00146897 /* Products */;
			projectDirPath = "";
			projectRoot = "";
			targets = (
				DC0718AD19C3778F00146897 /* Postcard */,
				DC0718C219C3779000146897 /* PostcardTests */,
			);
		};
/* End PBXProject section */

/* Begin PBXResourcesBuildPhase section */
		DC0718AC19C3778F00146897 /* Resources */ = {
			isa = PBXResourcesBuildPhase;
			buildActionMask = 2147483647;
			files = (
				DC0718B919C3779000146897 /* Main.storyboard in Resources */,
				DC0718D619C60C4400146897 /* AlbertEinsteinStamp.jpg in Resources */,
				DC0718BE19C3779000146897 /* LaunchScreen.xib in Resources */,
				DC0718BB19C3779000146897 /* Images.xcassets in Resources */,
				DC80DEF519CCD498008018C5 /* Sagrada_Família._Façana_del_Naixement.jpg in Resources */,
			);
			runOnlyForDeploymentPostprocessing = 0;
		};
		DC0718C119C3779000146897 /* Resources */ = {
			isa = PBXResourcesBuildPhase;
			buildActionMask = 2147483647;
			files = (
			);
			runOnlyForDeploymentPostprocessing = 0;
		};
/* End PBXResourcesBuildPhase section */

/* Begin PBXSourcesBuildPhase section */
		DC0718AA19C3778F00146897 /* Sources */ = {
			isa = PBXSourcesBuildPhase;
			buildActionMask = 2147483647;
			files = (
				DC0718B619C3779000146897 /* ViewController.swift in Sources */,
				DC0718B419C3779000146897 /* AppDelegate.swift in Sources */,
			);
			runOnlyForDeploymentPostprocessing = 0;
		};
		DC0718BF19C3779000146897 /* Sources */ = {
			isa = PBXSourcesBuildPhase;
			buildActionMask = 2147483647;
			files = (
				DC0718CA19C3779000146897 /* PostcardTests.swift in Sources */,
			);
			runOnlyForDeploymentPostprocessing = 0;
		};
/* End PBXSourcesBuildPhase section */

/* Begin PBXTargetDependency section */
		DC0718C519C3779000146897 /* PBXTargetDependency */ = {
			isa = PBXTargetDependency;
			target = DC0718AD19C3778F00146897 /* Postcard */;
			targetProxy = DC0718C419C3779000146897 /* PBXContainerItemProxy */;
		};
/* End PBXTargetDependency section */

/* Begin PBXVariantGroup section */
		DC0718B719C3779000146897 /* Main.storyboard */ = {
			isa = PBXVariantGroup;
			children = (
				DC0718B819C3779000146897 /* Base */,
			);
			name = Main.storyboard;
			sourceTree = "<group>";
		};
		DC0718BC19C3779000146897 /* LaunchScreen.xib */ = {
			isa = PBXVariantGroup;
			children = (
				DC0718BD19C3779000146897 /* Base */,
			);
			name = LaunchScreen.xib;
			sourceTree = "<group>";
		};
/* End PBXVariantGroup section */

/* Begin XCBuildConfiguration section */
		DC0718CB19C3779000146897 /* Debug */ = {
			isa = XCBuildConfiguration;
			buildSettings = {
				ALWAYS_SEARCH_USER_PATHS = NO;
				CLANG_CXX_LANGUAGE_STANDARD = "gnu++0x";
				CLANG_CXX_LIBRARY = "libc++";
				CLANG_ENABLE_MODULES = YES;
				CLANG_ENABLE_OBJC_ARC = YES;
				CLANG_WARN_BOOL_CONVERSION = YES;
				CLANG_WARN_CONSTANT_CONVERSION = YES;
				CLANG_WARN_DIRECT_OBJC_ISA_USAGE = YES_ERROR;
				CLANG_WARN_EMPTY_BODY = YES;
				CLANG_WARN_ENUM_CONVERSION = YES;
				CLANG_WARN_INT_CONVERSION = YES;
				CLANG_WARN_OBJC_ROOT_CLASS = YES_ERROR;
				CLANG_WARN_UNREACHABLE_CODE = YES;
				CLANG_WARN__DUPLICATE_METHOD_MATCH = YES;
				"CODE_SIGN_IDENTITY[sdk=iphoneos*]" = "iPhone Developer";
				COPY_PHASE_STRIP = NO;
				ENABLE_STRICT_OBJC_MSGSEND = YES;
				GCC_C_LANGUAGE_STANDARD = gnu99;
				GCC_DYNAMIC_NO_PIC = NO;
				GCC_OPTIMIZATION_LEVEL = 0;
				GCC_PREPROCESSOR_DEFINITIONS = (
					"DEBUG=1",
					"$(inherited)",
				);
				GCC_SYMBOLS_PRIVATE_EXTERN = NO;
				GCC_WARN_64_TO_32_BIT_CONVERSION = YES;
				GCC_WARN_ABOUT_RETURN_TYPE = YES_ERROR;
				GCC_WARN_UNDECLARED_SELECTOR = YES;
				GCC_WARN_UNINITIALIZED_AUTOS = YES_AGGRESSIVE;
				GCC_WARN_UNUSED_FUNCTION = YES;
				GCC_WARN_UNUSED_VARIABLE = YES;
				IPHONEOS_DEPLOYMENT_TARGET = 8.0;
				MTL_ENABLE_DEBUG_INFO = YES;
				ONLY_ACTIVE_ARCH = YES;
				SDKROOT = iphoneos;
				SWIFT_OPTIMIZATION_LEVEL = "-Onone";
			};
			name = Debug;
		};
		DC0718CC19C3779000146897 /* Release */ = {
			isa = XCBuildConfiguration;
			buildSettings = {
				ALWAYS_SEARCH_USER_PATHS = NO;
				CLANG_CXX_LANGUAGE_STANDARD = "gnu++0x";
				CLANG_CXX_LIBRARY = "libc++";
				CLANG_ENABLE_MODULES = YES;
				CLANG_ENABLE_OBJC_ARC = YES;
				CLANG_WARN_BOOL_CONVERSION = YES;
				CLANG_WARN_CONSTANT_CONVERSION = YES;
				CLANG_WARN_DIRECT_OBJC_ISA_USAGE = YES_ERROR;
				CLANG_WARN_EMPTY_BODY = YES;
				CLANG_WARN_ENUM_CONVERSION = YES;
				CLANG_WARN_INT_CONVERSION = YES;
				CLANG_WARN_OBJC_ROOT_CLASS = YES_ERROR;
				CLANG_WARN_UNREACHABLE_CODE = YES;
				CLANG_WARN__DUPLICATE_METHOD_MATCH = YES;
				"CODE_SIGN_IDENTITY[sdk=iphoneos*]" = "iPhone Developer";
				COPY_PHASE_STRIP = YES;
				ENABLE_NS_ASSERTIONS = NO;
				ENABLE_STRICT_OBJC_MSGSEND = YES;
				GCC_C_LANGUAGE_STANDARD = gnu99;
				GCC_WARN_64_TO_32_BIT_CONVERSION = YES;
				GCC_WARN_ABOUT_RETURN_TYPE = YES_ERROR;
				GCC_WARN_UNDECLARED_SELECTOR = YES;
				GCC_WARN_UNINITIALIZED_AUTOS = YES_AGGRESSIVE;
				GCC_WARN_UNUSED_FUNCTION = YES;
				GCC_WARN_UNUSED_VARIABLE = YES;
				IPHONEOS_DEPLOYMENT_TARGET = 8.0;
				MTL_ENABLE_DEBUG_INFO = NO;
				SDKROOT = iphoneos;
				VALIDATE_PRODUCT = YES;
			};
			name = Release;
		};
		DC0718CE19C3779000146897 /* Debug */ = {
			isa = XCBuildConfiguration;
			buildSettings = {
				ASSETCATALOG_COMPILER_APPICON_NAME = AppIcon;
				INFOPLIST_FILE = Postcard/Info.plist;
				LD_RUNPATH_SEARCH_PATHS = "$(inherited) @executable_path/Frameworks";
				PRODUCT_NAME = "$(TARGET_NAME)";
			};
			name = Debug;
		};
		DC0718CF19C3779000146897 /* Release */ = {
			isa = XCBuildConfiguration;
			buildSettings = {
				ASSETCATALOG_COMPILER_APPICON_NAME = AppIcon;
				INFOPLIST_FILE = Postcard/Info.plist;
				LD_RUNPATH_SEARCH_PATHS = "$(inherited) @executable_path/Frameworks";
				PRODUCT_NAME = "$(TARGET_NAME)";
			};
			name = Release;
		};
		DC0718D119C3779000146897 /* Debug */ = {
			isa = XCBuildConfiguration;
			buildSettings = {
				BUNDLE_LOADER = "$(TEST_HOST)";
				FRAMEWORK_SEARCH_PATHS = (
					"$(SDKROOT)/Developer/Library/Frameworks",
					"$(inherited)",
				);
				GCC_PREPROCESSOR_DEFINITIONS = (
					"DEBUG=1",
					"$(inherited)",
				);
				INFOPLIST_FILE = PostcardTests/Info.plist;
				LD_RUNPATH_SEARCH_PATHS = "$(inherited) @executable_path/Frameworks @loader_path/Frameworks";
				PRODUCT_NAME = "$(TARGET_NAME)";
				TEST_HOST = "$(BUILT_PRODUCTS_DIR)/Postcard.app/Postcard";
			};
			name = Debug;
		};
		DC0718D219C3779000146897 /* Release */ = {
			isa = XCBuildConfiguration;
			buildSettings = {
				BUNDLE_LOADER = "$(TEST_HOST)";
				FRAMEWORK_SEARCH_PATHS = (
					"$(SDKROOT)/Developer/Library/Frameworks",
					"$(inherited)",
				);
				INFOPLIST_FILE = PostcardTests/Info.plist;
				LD_RUNPATH_SEARCH_PATHS = "$(inherited) @executable_path/Frameworks @loader_path/Frameworks";
				PRODUCT_NAME = "$(TARGET_NAME)";
				TEST_HOST = "$(BUILT_PRODUCTS_DIR)/Postcard.app/Postcard";
			};
			name = Release;
		};
/* End XCBuildConfiguration section */

/* Begin XCConfigurationList section */
		DC0718A919C3778F00146897 /* Build configuration list for PBXProject "Postcard" */ = {
			isa = XCConfigurationList;
			buildConfigurations = (
				DC0718CB19C3779000146897 /* Debug */,
				DC0718CC19C3779000146897 /* Release */,
			);
			defaultConfigurationIsVisible = 0;
			defaultConfigurationName = Release;
		};
		DC0718CD19C3779000146897 /* Build configuration list for PBXNativeTarget "Postcard" */ = {
			isa = XCConfigurationList;
			buildConfigurations = (
				DC0718CE19C3779000146897 /* Debug */,
				DC0718CF19C3779000146897 /* Release */,
			);
			defaultConfigurationIsVisible = 0;
			defaultConfigurationName = Release;
		};
		DC0718D019C3779000146897 /* Build configuration list for PBXNativeTarget "PostcardTests" */ = {
			isa = XCConfigurationList;
			buildConfigurations = (
				DC0718D119C3779000146897 /* Debug */,
				DC0718D219C3779000146897 /* Release */,
			);
			defaultConfigurationIsVisible = 0;
			defaultConfigurationName = Release;
		};
/* End XCConfigurationList section */
	};
	rootObject = DC0718A619C3778F00146897 /* Project object */;
}
